
Microsoft Visual Studio Solution File, Format Version 12.00
# Visual Studio 15
VisualStudioVersion = 15.0.27428.2027
MinimumVisualStudioVersion = 10.0.40219.1
Project("{9A19103F-16F7-4668-BE54-9A1E7A4F7556}") = "MultiplayerSynchronizer", "MultiplayerSynchronizer\MultiplayerSynchronizer.csproj", "{8ECE027A-BC65-49AC-B5A1-5A16E3E075BB}"
EndProject
Project("{9A19103F-16F7-4668-BE54-9A1E7A4F7556}") = "BusinessLogic", "BusinessLogic\BusinessLogic.csproj", "{9752256E-B291-45B9-B0C6-A47872CDEEC2}"
EndProject
Project("{9A19103F-16F7-4668-BE54-9A1E7A4F7556}") = "GameCoreLibrary", "GameCoreLibrary\GameCoreLibrary.csproj", "{3D1E8E4A-CE02-4A9E-BABC-47EEB7A9E7CB}"
EndProject
Project("{9A19103F-16F7-4668-BE54-9A1E7A4F7556}") = "GameCoreLibraryTests", "GameCoreLibraryTests\GameCoreLibraryTests.csproj", "{B67BE12B-FF38-4B00-BB8E-61F5F42A01D1}"
EndProject
Project("{9A19103F-16F7-4668-BE54-9A1E7A4F7556}") = "BusinessLogic.Tests", "BusinessLogic.Tests\BusinessLogic.Tests.csproj", "{2554F2B6-C675-4C5F-98B9-4BCBD6F3FA74}"
EndProject
Global
	GlobalSection(SolutionConfigurationPlatforms) = preSolution
		Debug|Any CPU = Debug|Any CPU
		Release|Any CPU = Release|Any CPU
	EndGlobalSection
	GlobalSection(ProjectConfigurationPlatforms) = postSolution
		{8ECE027A-BC65-49AC-B5A1-5A16E3E075BB}.Debug|Any CPU.ActiveCfg = Debug|Any CPU
		{8ECE027A-BC65-49AC-B5A1-5A16E3E075BB}.Debug|Any CPU.Build.0 = Debug|Any CPU
		{8ECE027A-BC65-49AC-B5A1-5A16E3E075BB}.Release|Any CPU.ActiveCfg = Release|Any CPU
		{8ECE027A-BC65-49AC-B5A1-5A16E3E075BB}.Release|Any CPU.Build.0 = Release|Any CPU
		{9752256E-B291-45B9-B0C6-A47872CDEEC2}.Debug|Any CPU.ActiveCfg = Debug|Any CPU
		{9752256E-B291-45B9-B0C6-A47872CDEEC2}.Debug|Any CPU.Build.0 = Debug|Any CPU
		{9752256E-B291-45B9-B0C6-A47872CDEEC2}.Release|Any CPU.ActiveCfg = Release|Any CPU
		{9752256E-B291-45B9-B0C6-A47872CDEEC2}.Release|Any CPU.Build.0 = Release|Any CPU
		{3D1E8E4A-CE02-4A9E-BABC-47EEB7A9E7CB}.Debug|Any CPU.ActiveCfg = Debug|Any CPU
		{3D1E8E4A-CE02-4A9E-BABC-47EEB7A9E7CB}.Debug|Any CPU.Build.0 = Debug|Any CPU
		{3D1E8E4A-CE02-4A9E-BABC-47EEB7A9E7CB}.Release|Any CPU.ActiveCfg = Release|Any CPU
		{3D1E8E4A-CE02-4A9E-BABC-47EEB7A9E7CB}.Release|Any CPU.Build.0 = Release|Any CPU
		{B67BE12B-FF38-4B00-BB8E-61F5F42A01D1}.Debug|Any CPU.ActiveCfg = Debug|Any CPU
		{B67BE12B-FF38-4B00-BB8E-61F5F42A01D1}.Debug|Any CPU.Build.0 = Debug|Any CPU
		{B67BE12B-FF38-4B00-BB8E-61F5F42A01D1}.Release|Any CPU.ActiveCfg = Release|Any CPU
		{B67BE12B-FF38-4B00-BB8E-61F5F42A01D1}.Release|Any CPU.Build.0 = Release|Any CPU
		{2554F2B6-C675-4C5F-98B9-4BCBD6F3FA74}.Debug|Any CPU.ActiveCfg = Debug|Any CPU
		{2554F2B6-C675-4C5F-98B9-4BCBD6F3FA74}.Debug|Any CPU.Build.0 = Debug|Any CPU
		{2554F2B6-C675-4C5F-98B9-4BCBD6F3FA74}.Release|Any CPU.ActiveCfg = Release|Any CPU
		{2554F2B6-C675-4C5F-98B9-4BCBD6F3FA74}.Release|Any CPU.Build.0 = Release|Any CPU
	EndGlobalSection
	GlobalSection(SolutionProperties) = preSolution
		HideSolutionNode = FALSE
	EndGlobalSection
	GlobalSection(ExtensibilityGlobals) = postSolution
		SolutionGuid = {2DF3E95C-5A08-4DFB-A145-41BF6E4EFCC6}
	EndGlobalSection
EndGlobal
